<?xml version="1.0" encoding="utf-8"?>
<Project ToolsVersion="4.0" xmlns="http://schemas.microsoft.com/developer/msbuild/2003">
  <ItemGroup>
    <Filter Include="源文件">
      <UniqueIdentifier>{4FC737F1-C7A5-4376-A066-2A32D752A2FF}</UniqueIdentifier>
      <Extensions>cpp;c;cc;cxx;def;odl;idl;hpj;bat;asm;asmx</Extensions>
    </Filter>
    <Filter Include="头文件">
      <UniqueIdentifier>{93995380-89BD-4b04-88EB-625FBE52EBFB}</UniqueIdentifier>
      <Extensions>h;hh;hpp;hxx;hm;inl;inc;xsd</Extensions>
    </Filter>
    <Filter Include="资源文件">
      <UniqueIdentifier>{67DA6AB6-F800-4c08-8B7A-83BB121AAD01}</UniqueIdentifier>
      <Extensions>rc;ico;cur;bmp;dlg;rc2;rct;bin;rgs;gif;jpg;jpeg;jpe;resx;tiff;tif;png;wav;mfcribbon-ms</Extensions>
    </Filter>
  </ItemGroup>
  <ItemGroup>
    <ClCompile Include="vdkctl.c">
      <Filter>源文件</Filter>
    </ClCompile>
    <ClCompile Include="vdkwin32.c">
      <Filter>源文件</Filter>
    </ClCompile>
    <ClCompile Include="VDisk.cpp">
      <Filter>源文件</Filter>
    </ClCompile>
    <ClCompile Include="VDiskCowd.cpp">
      <Filter>源文件</Filter>
    </ClCompile>
    <ClCompile Include="VDiskExt.cpp">
      <Filter>源文件</Filter>
    </ClCompile>
    <ClCompile Include="VDiskExtCowd.cpp">
      <Filter>源文件</Filter>
    </ClCompile>
    <ClCompile Include="VDiskExtRaw.cpp">
      <Filter>源文件</Filter>
    </ClCompile>
    <ClCompile Include="VDiskExtVmdk.cpp">
      <Filter>源文件</Filter>
    </ClCompile>
    <ClCompile Include="VDiskFile.cpp">
      <Filter>源文件</Filter>
    </ClCompile>
    <ClCompile Include="VDiskPlain.cpp">
      <Filter>源文件</Filter>
    </ClCompile>
    <ClCompile Include="VDiskRaw.cpp">
      <Filter>源文件</Filter>
    </ClCompile>
    <ClCompile Include="VDiskSimple.cpp">
      <Filter>源文件</Filter>
    </ClCompile>
    <ClCompile Include="VDiskUtil.cpp">
      <Filter>源文件</Filter>
    </ClCompile>
    <ClCompile Include="VDiskVmdk.cpp">
      <Filter>源文件</Filter>
    </ClCompile>
    <ClCompile Include="vdkpart.c">
      <Filter>源文件</Filter>
    </ClCompile>
    <ClCompile Include="..\..\drivers\vdk\vdklib\vdkclose.c">
      <Filter>源文件</Filter>
    </ClCompile>
    <ClCompile Include="..\..\drivers\vdk\vdklib\vdkopen.c">
      <Filter>源文件</Filter>
    </ClCompile>
    <ClCompile Include="..\..\drivers\vdk\vdklib\vdkread.c">
      <Filter>源文件</Filter>
    </ClCompile>
    <ClCompile Include="..\..\drivers\vdk\vdklib\vdkwrite.c">
      <Filter>源文件</Filter>
    </ClCompile>
  </ItemGroup>
  <ItemGroup>
    <ClInclude Include="vdkctl.h">
      <Filter>头文件</Filter>
    </ClInclude>
  </ItemGroup>
</Project>